{
  "name": "crypto-examples",
  "version": "1.0.0",
  "lockfileVersion": 1,
  "requires": true,
  "dependencies": {
    "md5-jkmyers": {
      "version": "0.0.1",
      "resolved": "https://registry.npmjs.org/md5-jkmyers/-/md5-jkmyers-0.0.1.tgz",
      "integrity": "sha1-t9PfKAe5HV7H8zc7V/JNYLD6krs="
    },
    "reverse-md5": {
      "version": "0.0.5",
      "resolved": "https://registry.npmjs.org/reverse-md5/-/reverse-md5-0.0.5.tgz",
      "integrity": "sha512-nSzYU/we3UHObW0rHdf/680AxlAuaVH9fmV3l/1/fnyzbphPPpTFZ684g4wQ2Ru+2lCOdmu8rgWJTTmg/JoXfA==",
      "requires": {
        "md5-jkmyers": "^0.0.1",
        "xtend": "^4.0.0"
      }
    },
    "xtend": {
      "version": "4.0.2",
      "resolved": "https://registry.npmjs.org/xtend/-/xtend-4.0.2.tgz",
      "integrity": "sha512-LKYU1iAXJXUgAXn9URjiu+MWhyUXHsvfp7mcuYm9dSUKK0/CjtrUwFAxD82/mCWbtLsGjFIad0wIsod4zrTAEQ=="
    }
  }
}
